
Microsoft Visual Studio Solution File, Format Version 12.00
# Visual Studio 15
VisualStudioVersion = 15.0.27004.2005
MinimumVisualStudioVersion = 10.0.40219.1
Project("{FAE04EC0-301F-11D3-BF4B-00C04F79EFBC}") = "sqlParseTest", "sqlParseTest\sqlParseTest.csproj", "{DFE38251-C203-4A83-92C5-1DE6EA4EAF9E}"
EndProject
Project("{FAE04EC0-301F-11D3-BF4B-00C04F79EFBC}") = "TSQL_Parser", "..\TSQL_Parser\TSQL_Parser.csproj", "{2E85041A-D8FE-452B-831E-8DEF3CFC4A17}"
EndProject
Global
	GlobalSection(SolutionConfigurationPlatforms) = preSolution
		Debug|Any CPU = Debug|Any CPU
		Release|Any CPU = Release|Any CPU
	EndGlobalSection
	GlobalSection(ProjectConfigurationPlatforms) = postSolution
		{DFE38251-C203-4A83-92C5-1DE6EA4EAF9E}.Debug|Any CPU.ActiveCfg = Debug|Any CPU
		{DFE38251-C203-4A83-92C5-1DE6EA4EAF9E}.Debug|Any CPU.Build.0 = Debug|Any CPU
		{DFE38251-C203-4A83-92C5-1DE6EA4EAF9E}.Release|Any CPU.ActiveCfg = Release|Any CPU
		{DFE38251-C203-4A83-92C5-1DE6EA4EAF9E}.Release|Any CPU.Build.0 = Release|Any CPU
		{2E85041A-D8FE-452B-831E-8DEF3CFC4A17}.Debug|Any CPU.ActiveCfg = Debug|Any CPU
		{2E85041A-D8FE-452B-831E-8DEF3CFC4A17}.Debug|Any CPU.Build.0 = Debug|Any CPU
		{2E85041A-D8FE-452B-831E-8DEF3CFC4A17}.Release|Any CPU.ActiveCfg = Release|Any CPU
		{2E85041A-D8FE-452B-831E-8DEF3CFC4A17}.Release|Any CPU.Build.0 = Release|Any CPU
	EndGlobalSection
	GlobalSection(SolutionProperties) = preSolution
		HideSolutionNode = FALSE
	EndGlobalSection
	GlobalSection(ExtensibilityGlobals) = postSolution
		SolutionGuid = {C2B129B9-30E3-42CB-BCBE-66A9B319917D}
	EndGlobalSection
EndGlobal
